
Microsoft Visual Studio Solution File, Format Version 12.00
# Visual Studio 15
VisualStudioVersion = 15.0.26430.6
MinimumVisualStudioVersion = 10.0.40219.1
Project("{FAE04EC0-301F-11D3-BF4B-00C04F79EFBC}") = "ToddXamarinTest.Android", "ToddXamarinTest\ToddXamarinTest.Android\ToddXamarinTest.Android.csproj", "{B9DEEDA9-14DB-48F0-8303-CE661D907C56}"
EndProject
Project("{FAE04EC0-301F-11D3-BF4B-00C04F79EFBC}") = "ToddXamarinTest.iOS", "ToddXamarinTest\ToddXamarinTest.iOS\ToddXamarinTest.iOS.csproj", "{9D81EF14-5835-40BF-A634-F0731D37B45F}"
EndProject
Project("{FAE04EC0-301F-11D3-BF4B-00C04F79EFBC}") = "ToddXamarinTest.UWP", "ToddXamarinTest\ToddXamarinTest.UWP\ToddXamarinTest.UWP.csproj", "{48165683-0F3C-4F48-A05B-A521AAE217FC}"
EndProject
Project("{D954291E-2A0B-460D-934E-DC6B0785DB48}") = "ToddXamarinTest", "ToddXamarinTest\ToddXamarinTest\ToddXamarinTest.shproj", "{8A14024C-864E-481E-AC77-CD137B606D74}"
EndProject
Global
	GlobalSection(SharedMSBuildProjectFiles) = preSolution
		ToddXamarinTest\ToddXamarinTest\ToddXamarinTest.projitems*{8a14024c-864e-481e-ac77-cd137b606d74}*SharedItemsImports = 13
	EndGlobalSection
	GlobalSection(SolutionConfigurationPlatforms) = preSolution
		Debug|Any CPU = Debug|Any CPU
		Debug|ARM = Debug|ARM
		Debug|iPhone = Debug|iPhone
		Debug|iPhoneSimulator = Debug|iPhoneSimulator
		Debug|x64 = Debug|x64
		Debug|x86 = Debug|x86
		Release|Any CPU = Release|Any CPU
		Release|ARM = Release|ARM
		Release|iPhone = Release|iPhone
		Release|iPhoneSimulator = Release|iPhoneSimulator
		Release|x64 = Release|x64
		Release|x86 = Release|x86
	EndGlobalSection
	GlobalSection(ProjectConfigurationPlatforms) = postSolution
		{B9DEEDA9-14DB-48F0-8303-CE661D907C56}.Debug|Any CPU.ActiveCfg = Debug|Any CPU
		{B9DEEDA9-14DB-48F0-8303-CE661D907C56}.Debug|Any CPU.Build.0 = Debug|Any CPU
		{B9DEEDA9-14DB-48F0-8303-CE661D907C56}.Debug|Any CPU.Deploy.0 = Debug|Any CPU
		{B9DEEDA9-14DB-48F0-8303-CE661D907C56}.Debug|ARM.ActiveCfg = Debug|Any CPU
		{B9DEEDA9-14DB-48F0-8303-CE661D907C56}.Debug|ARM.Build.0 = Debug|Any CPU
		{B9DEEDA9-14DB-48F0-8303-CE661D907C56}.Debug|ARM.Deploy.0 = Debug|Any CPU
		{B9DEEDA9-14DB-48F0-8303-CE661D907C56}.Debug|iPhone.ActiveCfg = Debug|Any CPU
		{B9DEEDA9-14DB-48F0-8303-CE661D907C56}.Debug|iPhone.Build.0 = Debug|Any CPU
		{B9DEEDA9-14DB-48F0-8303-CE661D907C56}.Debug|iPhone.Deploy.0 = Debug|Any CPU
		{B9DEEDA9-14DB-48F0-8303-CE661D907C56}.Debug|iPhoneSimulator.ActiveCfg = Debug|Any CPU
		{B9DEEDA9-14DB-48F0-8303-CE661D907C56}.Debug|iPhoneSimulator.Build.0 = Debug|Any CPU
		{B9DEEDA9-14DB-48F0-8303-CE661D907C56}.Debug|iPhoneSimulator.Deploy.0 = Debug|Any CPU
		{B9DEEDA9-14DB-48F0-8303-CE661D907C56}.Debug|x64.ActiveCfg = Debug|Any CPU
		{B9DEEDA9-14DB-48F0-8303-CE661D907C56}.Debug|x64.Build.0 = Debug|Any CPU
		{B9DEEDA9-14DB-48F0-8303-CE661D907C56}.Debug|x64.Deploy.0 = Debug|Any CPU
		{B9DEEDA9-14DB-48F0-8303-CE661D907C56}.Debug|x86.ActiveCfg = Debug|Any CPU
		{B9DEEDA9-14DB-48F0-8303-CE661D907C56}.Debug|x86.Build.0 = Debug|Any CPU
		{B9DEEDA9-14DB-48F0-8303-CE661D907C56}.Debug|x86.Deploy.0 = Debug|Any CPU
		{B9DEEDA9-14DB-48F0-8303-CE661D907C56}.Release|Any CPU.ActiveCfg = Release|Any CPU
		{B9DEEDA9-14DB-48F0-8303-CE661D907C56}.Release|Any CPU.Build.0 = Release|Any CPU
		{B9DEEDA9-14DB-48F0-8303-CE661D907C56}.Release|Any CPU.Deploy.0 = Release|Any CPU
		{B9DEEDA9-14DB-48F0-8303-CE661D907C56}.Release|ARM.ActiveCfg = Release|Any CPU
		{B9DEEDA9-14DB-48F0-8303-CE661D907C56}.Release|ARM.Build.0 = Release|Any CPU
		{B9DEEDA9-14DB-48F0-8303-CE661D907C56}.Release|ARM.Deploy.0 = Release|Any CPU
		{B9DEEDA9-14DB-48F0-8303-CE661D907C56}.Release|iPhone.ActiveCfg = Release|Any CPU
		{B9DEEDA9-14DB-48F0-8303-CE661D907C56}.Release|iPhone.Build.0 = Release|Any CPU
		{B9DEEDA9-14DB-48F0-8303-CE661D907C56}.Release|iPhone.Deploy.0 = Release|Any CPU
		{B9DEEDA9-14DB-48F0-8303-CE661D907C56}.Release|iPhoneSimulator.ActiveCfg = Release|Any CPU
		{B9DEEDA9-14DB-48F0-8303-CE661D907C56}.Release|iPhoneSimulator.Build.0 = Release|Any CPU
		{B9DEEDA9-14DB-48F0-8303-CE661D907C56}.Release|iPhoneSimulator.Deploy.0 = Release|Any CPU
		{B9DEEDA9-14DB-48F0-8303-CE661D907C56}.Release|x64.ActiveCfg = Release|Any CPU
		{B9DEEDA9-14DB-48F0-8303-CE661D907C56}.Release|x64.Build.0 = Release|Any CPU
		{B9DEEDA9-14DB-48F0-8303-CE661D907C56}.Release|x64.Deploy.0 = Release|Any CPU
		{B9DEEDA9-14DB-48F0-8303-CE661D907C56}.Release|x86.ActiveCfg = Release|Any CPU
		{B9DEEDA9-14DB-48F0-8303-CE661D907C56}.Release|x86.Build.0 = Release|Any CPU
		{B9DEEDA9-14DB-48F0-8303-CE661D907C56}.Release|x86.Deploy.0 = Release|Any CPU
		{9D81EF14-5835-40BF-A634-F0731D37B45F}.Debug|Any CPU.ActiveCfg = Debug|iPhone
		{9D81EF14-5835-40BF-A634-F0731D37B45F}.Debug|ARM.ActiveCfg = Debug|iPhone
		{9D81EF14-5835-40BF-A634-F0731D37B45F}.Debug|iPhone.ActiveCfg = Debug|iPhone
		{9D81EF14-5835-40BF-A634-F0731D37B45F}.Debug|iPhone.Build.0 = Debug|iPhone
		{9D81EF14-5835-40BF-A634-F0731D37B45F}.Debug|iPhoneSimulator.ActiveCfg = Debug|iPhoneSimulator
		{9D81EF14-5835-40BF-A634-F0731D37B45F}.Debug|iPhoneSimulator.Build.0 = Debug|iPhoneSimulator
		{9D81EF14-5835-40BF-A634-F0731D37B45F}.Debug|x64.ActiveCfg = Debug|iPhone
		{9D81EF14-5835-40BF-A634-F0731D37B45F}.Debug|x86.ActiveCfg = Debug|iPhone
		{9D81EF14-5835-40BF-A634-F0731D37B45F}.Release|Any CPU.ActiveCfg = Release|iPhone
		{9D81EF14-5835-40BF-A634-F0731D37B45F}.Release|ARM.ActiveCfg = Release|iPhone
		{9D81EF14-5835-40BF-A634-F0731D37B45F}.Release|iPhone.ActiveCfg = Release|iPhone
		{9D81EF14-5835-40BF-A634-F0731D37B45F}.Release|iPhone.Build.0 = Release|iPhone
		{9D81EF14-5835-40BF-A634-F0731D37B45F}.Release|iPhoneSimulator.ActiveCfg = Release|iPhoneSimulator
		{9D81EF14-5835-40BF-A634-F0731D37B45F}.Release|iPhoneSimulator.Build.0 = Release|iPhoneSimulator
		{9D81EF14-5835-40BF-A634-F0731D37B45F}.Release|x64.ActiveCfg = Release|iPhone
		{9D81EF14-5835-40BF-A634-F0731D37B45F}.Release|x86.ActiveCfg = Release|iPhone
		{48165683-0F3C-4F48-A05B-A521AAE217FC}.Debug|Any CPU.ActiveCfg = Debug|x86
		{48165683-0F3C-4F48-A05B-A521AAE217FC}.Debug|ARM.ActiveCfg = Debug|ARM
		{48165683-0F3C-4F48-A05B-A521AAE217FC}.Debug|ARM.Build.0 = Debug|ARM
		{48165683-0F3C-4F48-A05B-A521AAE217FC}.Debug|ARM.Deploy.0 = Debug|ARM
		{48165683-0F3C-4F48-A05B-A521AAE217FC}.Debug|iPhone.ActiveCfg = Debug|x86
		{48165683-0F3C-4F48-A05B-A521AAE217FC}.Debug|iPhoneSimulator.ActiveCfg = Debug|x86
		{48165683-0F3C-4F48-A05B-A521AAE217FC}.Debug|x64.ActiveCfg = Debug|x64
		{48165683-0F3C-4F48-A05B-A521AAE217FC}.Debug|x64.Build.0 = Debug|x64
		{48165683-0F3C-4F48-A05B-A521AAE217FC}.Debug|x64.Deploy.0 = Debug|x64
		{48165683-0F3C-4F48-A05B-A521AAE217FC}.Debug|x86.ActiveCfg = Debug|x86
		{48165683-0F3C-4F48-A05B-A521AAE217FC}.Debug|x86.Build.0 = Debug|x86
		{48165683-0F3C-4F48-A05B-A521AAE217FC}.Debug|x86.Deploy.0 = Debug|x86
		{48165683-0F3C-4F48-A05B-A521AAE217FC}.Release|Any CPU.ActiveCfg = Release|x86
		{48165683-0F3C-4F48-A05B-A521AAE217FC}.Release|ARM.ActiveCfg = Release|ARM
		{48165683-0F3C-4F48-A05B-A521AAE217FC}.Release|ARM.Build.0 = Release|ARM
		{48165683-0F3C-4F48-A05B-A521AAE217FC}.Release|ARM.Deploy.0 = Release|ARM
		{48165683-0F3C-4F48-A05B-A521AAE217FC}.Release|iPhone.ActiveCfg = Release|x86
		{48165683-0F3C-4F48-A05B-A521AAE217FC}.Release|iPhoneSimulator.ActiveCfg = Release|x86
		{48165683-0F3C-4F48-A05B-A521AAE217FC}.Release|x64.ActiveCfg = Release|x64
		{48165683-0F3C-4F48-A05B-A521AAE217FC}.Release|x64.Build.0 = Release|x64
		{48165683-0F3C-4F48-A05B-A521AAE217FC}.Release|x64.Deploy.0 = Release|x64
		{48165683-0F3C-4F48-A05B-A521AAE217FC}.Release|x86.ActiveCfg = Release|x86
		{48165683-0F3C-4F48-A05B-A521AAE217FC}.Release|x86.Build.0 = Release|x86
		{48165683-0F3C-4F48-A05B-A521AAE217FC}.Release|x86.Deploy.0 = Release|x86
	EndGlobalSection
	GlobalSection(SolutionProperties) = preSolution
		HideSolutionNode = FALSE
	EndGlobalSection
EndGlobal
